# This file is automatically @generated by Cargo.
# It is not intended for manual editing.
version = 3

[[package]]
name = "rust-datastructures"
version = "0.1.1"
source = "registry+https://github.com/rust-lang/crates.io-index"
checksum = "d4233f532abe6a73170a7f7d5e85c197fe8a95f18afbd07bc0c137d88b7dd51c"

[[package]]
name = "websocket-std"
version = "0.1.0"
dependencies = [
 "rust-datastructures",
]
